
Microsoft Visual Studio Solution File, Format Version 12.00
# Visual Studio 15
VisualStudioVersion = 15.0.28307.106
MinimumVisualStudioVersion = 10.0.40219.1
Project("{FAE04EC0-301F-11D3-BF4B-00C04F79EFBC}") = "ElevenNoteThree.WebMVC", "ElevenNoteThree.WebMVC\ElevenNoteThree.WebMVC.csproj", "{47B26AB0-EA1C-49FD-95BB-384315C8D5D2}"
EndProject
Global
	GlobalSection(SolutionConfigurationPlatforms) = preSolution
		Debug|Any CPU = Debug|Any CPU
		Release|Any CPU = Release|Any CPU
	EndGlobalSection
	GlobalSection(ProjectConfigurationPlatforms) = postSolution
		{47B26AB0-EA1C-49FD-95BB-384315C8D5D2}.Debug|Any CPU.ActiveCfg = Debug|Any CPU
		{47B26AB0-EA1C-49FD-95BB-384315C8D5D2}.Debug|Any CPU.Build.0 = Debug|Any CPU
		{47B26AB0-EA1C-49FD-95BB-384315C8D5D2}.Release|Any CPU.ActiveCfg = Release|Any CPU
		{47B26AB0-EA1C-49FD-95BB-384315C8D5D2}.Release|Any CPU.Build.0 = Release|Any CPU
	EndGlobalSection
	GlobalSection(SolutionProperties) = preSolution
		HideSolutionNode = FALSE
	EndGlobalSection
	GlobalSection(ExtensibilityGlobals) = postSolution
		SolutionGuid = {BFBE20E6-2BD8-4ADF-A7C6-F4685D645E91}
	EndGlobalSection
EndGlobal
